
Microsoft Visual Studio Solution File, Format Version 12.00
# Visual Studio Version 17
VisualStudioVersion = 17.11.35312.102
MinimumVisualStudioVersion = 10.0.40219.1
Project("{FAE04EC0-301F-11D3-BF4B-00C04F79EFBC}") = "E-commerce ITI - UI", "E-commerce ITI - UI\E-commerce ITI - UI.csproj", "{FF94B922-C08B-456D-9412-6CBE5B73D8D0}"
EndProject
Project("{FAE04EC0-301F-11D3-BF4B-00C04F79EFBC}") = "E-commerce ITI - DAL", "..\E-commerce ITI - DAL\E-commerce ITI - DAL.csproj", "{98D7090B-279D-44A9-9ED2-FCAF2B6B86A2}"
EndProject
Project("{FAE04EC0-301F-11D3-BF4B-00C04F79EFBC}") = "E-commerce ITI - Entities", "..\E-commerce ITI - Entities\E-commerce ITI - Entities.csproj", "{7B2AB8F8-E912-46D0-AEB2-FCD2A0698D1A}"
EndProject
Global
	GlobalSection(SolutionConfigurationPlatforms) = preSolution
		Debug|Any CPU = Debug|Any CPU
		Release|Any CPU = Release|Any CPU
	EndGlobalSection
	GlobalSection(ProjectConfigurationPlatforms) = postSolution
		{FF94B922-C08B-456D-9412-6CBE5B73D8D0}.Debug|Any CPU.ActiveCfg = Debug|Any CPU
		{FF94B922-C08B-456D-9412-6CBE5B73D8D0}.Debug|Any CPU.Build.0 = Debug|Any CPU
		{FF94B922-C08B-456D-9412-6CBE5B73D8D0}.Release|Any CPU.ActiveCfg = Release|Any CPU
		{FF94B922-C08B-456D-9412-6CBE5B73D8D0}.Release|Any CPU.Build.0 = Release|Any CPU
		{98D7090B-279D-44A9-9ED2-FCAF2B6B86A2}.Debug|Any CPU.ActiveCfg = Debug|Any CPU
		{98D7090B-279D-44A9-9ED2-FCAF2B6B86A2}.Debug|Any CPU.Build.0 = Debug|Any CPU
		{98D7090B-279D-44A9-9ED2-FCAF2B6B86A2}.Release|Any CPU.ActiveCfg = Release|Any CPU
		{98D7090B-279D-44A9-9ED2-FCAF2B6B86A2}.Release|Any CPU.Build.0 = Release|Any CPU
		{7B2AB8F8-E912-46D0-AEB2-FCD2A0698D1A}.Debug|Any CPU.ActiveCfg = Debug|Any CPU
		{7B2AB8F8-E912-46D0-AEB2-FCD2A0698D1A}.Debug|Any CPU.Build.0 = Debug|Any CPU
		{7B2AB8F8-E912-46D0-AEB2-FCD2A0698D1A}.Release|Any CPU.ActiveCfg = Release|Any CPU
		{7B2AB8F8-E912-46D0-AEB2-FCD2A0698D1A}.Release|Any CPU.Build.0 = Release|Any CPU
	EndGlobalSection
	GlobalSection(SolutionProperties) = preSolution
		HideSolutionNode = FALSE
	EndGlobalSection
	GlobalSection(ExtensibilityGlobals) = postSolution
		SolutionGuid = {3C77FA8F-ADEA-4307-A617-55D821EB27BF}
	EndGlobalSection
EndGlobal
